github.com/golang/snappy v0.0.3/go.mod h1:/XxbfmMg8lxefKM7IXC3fBNl/7bRcc72aCRzEWrmP2Q=
github.com/klauspost/compress v1.12.2 h1:2KCfW3I9M7nSc5wOqXAlW2v2U6v+w6cbjvbfp+OykW8=
github.com/klauspost/compress v1.12.2/go.mod h1:8dP1Hq4DHOhN9w426knH3Rhby4rFm6D8eO+e+Dq5Gzg=
github.com/klauspost/pgzip v1.2.5 h1:qnWYvvKqedOF2ulHpMG72XQol4ILEJ8k2wwRl/Km8oE=
github.com/klauspost/pgzip v1.2.5/go.mod h1:Ch1tH69qFZu15pkjo5kYi6mth2Zzwzt50oCQKQE9RUs=
github.com/planetscale/pargzip v0.0.0-20201116224723-90c7fc03ea8a h1:y0OpQ4+5tKxeh9+H+2cVgASl9yMZYV9CILinKOiKafA=
github.com/planetscale/pargzip v0.0.0-20201116224723-90c7fc03ea8a/go.mod h1:GJFUzQuXIoB2Kjn1ZfDhJr/42D5nWOqRcIQVgCxTuIE=
